
Microsoft Visual Studio Solution File, Format Version 12.00
# Visual Studio 14
VisualStudioVersion = 14.0.25420.1
MinimumVisualStudioVersion = 10.0.40219.1
Project("{2150E333-8FDC-42A3-9474-1A3956D46DE8}") = "src", "src", "{5559CC95-BC69-4CC9-B417-ADB21FC95E5E}"
EndProject
Project("{2150E333-8FDC-42A3-9474-1A3956D46DE8}") = "_", "_", "{9AC5D026-9FB9-4632-A3F4-2AC395F1A56B}"
	ProjectSection(SolutionItems) = preProject
		build.ps1 = build.ps1
		global.json = global.json
		LICENSE = LICENSE
		README.md = README.md
	EndProjectSection
EndProject
Project("{8BB2217D-0F2D-49D1-97BC-3654ED321F3B}") = "Dewey", "src\Dewey\Dewey.xproj", "{DF455A7B-3811-43C5-9C3A-0C0783264E54}"
EndProject
Project("{8BB2217D-0F2D-49D1-97BC-3654ED321F3B}") = "Dewey.Azure", "src\Dewey.Azure\Dewey.Azure.xproj", "{659478B1-D579-41A4-AE99-84295268E64F}"
EndProject
Project("{8BB2217D-0F2D-49D1-97BC-3654ED321F3B}") = "Dewey.Dynamic", "src\Dewey.Dynamic\Dewey.Dynamic.xproj", "{1986E78E-0431-49B5-B57E-1A12D3F2C428}"
EndProject
Project("{8BB2217D-0F2D-49D1-97BC-3654ED321F3B}") = "Dewey.Json", "src\Dewey.Json\Dewey.Json.xproj", "{E4DB9803-A038-442C-9D6C-3BFF6C8FC74E}"
EndProject
Project("{8BB2217D-0F2D-49D1-97BC-3654ED321F3B}") = "Dewey.Slack", "src\Dewey.Slack\Dewey.Slack.xproj", "{F6CF4220-8D3D-4E54-8EFB-16E65733D3E5}"
EndProject
Project("{8BB2217D-0F2D-49D1-97BC-3654ED321F3B}") = "Dewey.WinForms", "src\Dewey.WinForms\Dewey.WinForms.xproj", "{06B56F74-C3BD-4FCE-B295-43C43DD29042}"
EndProject
Project("{8BB2217D-0F2D-49D1-97BC-3654ED321F3B}") = "Dewey.Data", "src\Dewey.Data\Dewey.Data.xproj", "{1BF9E7CE-F538-489F-82A0-77FAF32EAE27}"
EndProject
Project("{8BB2217D-0F2D-49D1-97BC-3654ED321F3B}") = "Dewey.Drawing", "src\Dewey.Drawing\Dewey.Drawing.xproj", "{DB7216AC-1CB3-4D26-AD3D-2FE01FB301DB}"
EndProject
Project("{2150E333-8FDC-42A3-9474-1A3956D46DE8}") = "test", "test", "{07E907E5-214F-4AE0-8C26-B7F7D29DFAA2}"
EndProject
Project("{8BB2217D-0F2D-49D1-97BC-3654ED321F3B}") = "Dewey.Caching", "src\Dewey.Caching\Dewey.Caching.xproj", "{7136F8D9-8A8A-4DC3-957B-41EF46907BD5}"
EndProject
Global
	GlobalSection(SolutionConfigurationPlatforms) = preSolution
		Debug|Any CPU = Debug|Any CPU
		Release|Any CPU = Release|Any CPU
	EndGlobalSection
	GlobalSection(ProjectConfigurationPlatforms) = postSolution
		{DF455A7B-3811-43C5-9C3A-0C0783264E54}.Debug|Any CPU.ActiveCfg = Debug|Any CPU
		{DF455A7B-3811-43C5-9C3A-0C0783264E54}.Debug|Any CPU.Build.0 = Debug|Any CPU
		{DF455A7B-3811-43C5-9C3A-0C0783264E54}.Release|Any CPU.ActiveCfg = Release|Any CPU
		{DF455A7B-3811-43C5-9C3A-0C0783264E54}.Release|Any CPU.Build.0 = Release|Any CPU
		{659478B1-D579-41A4-AE99-84295268E64F}.Debug|Any CPU.ActiveCfg = Debug|Any CPU
		{659478B1-D579-41A4-AE99-84295268E64F}.Debug|Any CPU.Build.0 = Debug|Any CPU
		{659478B1-D579-41A4-AE99-84295268E64F}.Release|Any CPU.ActiveCfg = Release|Any CPU
		{659478B1-D579-41A4-AE99-84295268E64F}.Release|Any CPU.Build.0 = Release|Any CPU
		{1986E78E-0431-49B5-B57E-1A12D3F2C428}.Debug|Any CPU.ActiveCfg = Debug|Any CPU
		{1986E78E-0431-49B5-B57E-1A12D3F2C428}.Debug|Any CPU.Build.0 = Debug|Any CPU
		{1986E78E-0431-49B5-B57E-1A12D3F2C428}.Release|Any CPU.ActiveCfg = Release|Any CPU
		{1986E78E-0431-49B5-B57E-1A12D3F2C428}.Release|Any CPU.Build.0 = Release|Any CPU
		{E4DB9803-A038-442C-9D6C-3BFF6C8FC74E}.Debug|Any CPU.ActiveCfg = Debug|Any CPU
		{E4DB9803-A038-442C-9D6C-3BFF6C8FC74E}.Debug|Any CPU.Build.0 = Debug|Any CPU
		{E4DB9803-A038-442C-9D6C-3BFF6C8FC74E}.Release|Any CPU.ActiveCfg = Release|Any CPU
		{E4DB9803-A038-442C-9D6C-3BFF6C8FC74E}.Release|Any CPU.Build.0 = Release|Any CPU
		{F6CF4220-8D3D-4E54-8EFB-16E65733D3E5}.Debug|Any CPU.ActiveCfg = Debug|Any CPU
		{F6CF4220-8D3D-4E54-8EFB-16E65733D3E5}.Debug|Any CPU.Build.0 = Debug|Any CPU
		{F6CF4220-8D3D-4E54-8EFB-16E65733D3E5}.Release|Any CPU.ActiveCfg = Release|Any CPU
		{F6CF4220-8D3D-4E54-8EFB-16E65733D3E5}.Release|Any CPU.Build.0 = Release|Any CPU
		{06B56F74-C3BD-4FCE-B295-43C43DD29042}.Debug|Any CPU.ActiveCfg = Debug|Any CPU
		{06B56F74-C3BD-4FCE-B295-43C43DD29042}.Debug|Any CPU.Build.0 = Debug|Any CPU
		{06B56F74-C3BD-4FCE-B295-43C43DD29042}.Release|Any CPU.ActiveCfg = Release|Any CPU
		{06B56F74-C3BD-4FCE-B295-43C43DD29042}.Release|Any CPU.Build.0 = Release|Any CPU
		{1BF9E7CE-F538-489F-82A0-77FAF32EAE27}.Debug|Any CPU.ActiveCfg = Debug|Any CPU
		{1BF9E7CE-F538-489F-82A0-77FAF32EAE27}.Debug|Any CPU.Build.0 = Debug|Any CPU
		{1BF9E7CE-F538-489F-82A0-77FAF32EAE27}.Release|Any CPU.ActiveCfg = Release|Any CPU
		{1BF9E7CE-F538-489F-82A0-77FAF32EAE27}.Release|Any CPU.Build.0 = Release|Any CPU
		{DB7216AC-1CB3-4D26-AD3D-2FE01FB301DB}.Debug|Any CPU.ActiveCfg = Debug|Any CPU
		{DB7216AC-1CB3-4D26-AD3D-2FE01FB301DB}.Debug|Any CPU.Build.0 = Debug|Any CPU
		{DB7216AC-1CB3-4D26-AD3D-2FE01FB301DB}.Release|Any CPU.ActiveCfg = Release|Any CPU
		{DB7216AC-1CB3-4D26-AD3D-2FE01FB301DB}.Release|Any CPU.Build.0 = Release|Any CPU
		{7136F8D9-8A8A-4DC3-957B-41EF46907BD5}.Debug|Any CPU.ActiveCfg = Debug|Any CPU
		{7136F8D9-8A8A-4DC3-957B-41EF46907BD5}.Debug|Any CPU.Build.0 = Debug|Any CPU
		{7136F8D9-8A8A-4DC3-957B-41EF46907BD5}.Release|Any CPU.ActiveCfg = Release|Any CPU
		{7136F8D9-8A8A-4DC3-957B-41EF46907BD5}.Release|Any CPU.Build.0 = Release|Any CPU
	EndGlobalSection
	GlobalSection(SolutionProperties) = preSolution
		HideSolutionNode = FALSE
	EndGlobalSection
	GlobalSection(NestedProjects) = preSolution
		{DF455A7B-3811-43C5-9C3A-0C0783264E54} = {5559CC95-BC69-4CC9-B417-ADB21FC95E5E}
		{659478B1-D579-41A4-AE99-84295268E64F} = {5559CC95-BC69-4CC9-B417-ADB21FC95E5E}
		{1986E78E-0431-49B5-B57E-1A12D3F2C428} = {5559CC95-BC69-4CC9-B417-ADB21FC95E5E}
		{E4DB9803-A038-442C-9D6C-3BFF6C8FC74E} = {5559CC95-BC69-4CC9-B417-ADB21FC95E5E}
		{F6CF4220-8D3D-4E54-8EFB-16E65733D3E5} = {5559CC95-BC69-4CC9-B417-ADB21FC95E5E}
		{06B56F74-C3BD-4FCE-B295-43C43DD29042} = {5559CC95-BC69-4CC9-B417-ADB21FC95E5E}
		{1BF9E7CE-F538-489F-82A0-77FAF32EAE27} = {5559CC95-BC69-4CC9-B417-ADB21FC95E5E}
		{DB7216AC-1CB3-4D26-AD3D-2FE01FB301DB} = {5559CC95-BC69-4CC9-B417-ADB21FC95E5E}
		{7136F8D9-8A8A-4DC3-957B-41EF46907BD5} = {5559CC95-BC69-4CC9-B417-ADB21FC95E5E}
	EndGlobalSection
EndGlobal
